{
  "originHash" : "c8791b4a2ef4342e4f22addce551cf1b02f73a486e9c17ca9c1cc9c69971c81e",
  "pins" : [
    {
      "identity" : "observationscompat",
      "kind" : "remoteSourceControl",
      "location" : "https://github.com/lynnswap/ObservationsCompat.git",
      "state" : {
        "revision" : "65892e88f806759a7f84a5bed09f3a83bd781508",
        "version" : "0.2.2"
      }
    }
  ],
  "version" : 3
}
