{
  "originHash" : "05652804d0eb17e337bdc7f6ff83b3f32bc6bde67638bb90eb7410716f9af4aa",
  "pins" : [
    {
      "identity" : "observationscompat",
      "kind" : "remoteSourceControl",
      "location" : "https://github.com/lynnswap/ObservationsCompat.git",
      "state" : {
        "revision" : "294bf158024987beba892ef24dd2a17a86c66b5e",
        "version" : "0.1.1"
      }
    }
  ],
  "version" : 3
}
