{
  "originHash" : "2c44a02df505e390ed54831a81421e372b2b8760beb0dd92b9d1aa42d991f4e0",
  "pins" : [
    {
      "identity" : "observationscompat",
      "kind" : "remoteSourceControl",
      "location" : "https://github.com/lynnswap/ObservationsCompat.git",
      "state" : {
        "revision" : "65892e88f806759a7f84a5bed09f3a83bd781508",
        "version" : "0.2.2"
      }
    }
  ],
  "version" : 3
}
