{
  "originHash" : "0a6ef3fdb68dcfc9115cb6fbce1f10dca1be9f9de1e12e9dd27cf4f324d625d5",
  "pins" : [
    {
      "identity" : "observationscompat",
      "kind" : "remoteSourceControl",
      "location" : "https://github.com/lynnswap/ObservationsCompat.git",
      "state" : {
        "revision" : "20c0091640abc4642b1c07642dda2361d22754fa",
        "version" : "0.2.0"
      }
    }
  ],
  "version" : 3
}
