{
  "originHash" : "0a6ef3fdb68dcfc9115cb6fbce1f10dca1be9f9de1e12e9dd27cf4f324d625d5",
  "pins" : [
    {
      "identity" : "observationscompat",
      "kind" : "remoteSourceControl",
      "location" : "https://github.com/lynnswap/ObservationsCompat.git",
      "state" : {
        "revision" : "ef41b8f28333a71cd9b5790c3a6a9d3c639ca6d4",
        "version" : "0.3.0"
      }
    }
  ],
  "version" : 3
}
